
Microsoft Visual Studio Solution File, Format Version 12.00
# Visual Studio Version 16
VisualStudioVersion = 16.0.30104.148
MinimumVisualStudioVersion = 10.0.40219.1
Project("{FAE04EC0-301F-11D3-BF4B-00C04F79EFBC}") = "PrivateWeb", "PrivateWeb\PrivateWeb.csproj", "{28190DD9-8118-4668-B71E-629EBDEDA636}"
EndProject
Global
	GlobalSection(SolutionConfigurationPlatforms) = preSolution
		Debug|Any CPU = Debug|Any CPU
		Release|Any CPU = Release|Any CPU
	EndGlobalSection
	GlobalSection(ProjectConfigurationPlatforms) = postSolution
		{28190DD9-8118-4668-B71E-629EBDEDA636}.Debug|Any CPU.ActiveCfg = Debug|Any CPU
		{28190DD9-8118-4668-B71E-629EBDEDA636}.Debug|Any CPU.Build.0 = Debug|Any CPU
		{28190DD9-8118-4668-B71E-629EBDEDA636}.Release|Any CPU.ActiveCfg = Release|Any CPU
		{28190DD9-8118-4668-B71E-629EBDEDA636}.Release|Any CPU.Build.0 = Release|Any CPU
	EndGlobalSection
	GlobalSection(SolutionProperties) = preSolution
		HideSolutionNode = FALSE
	EndGlobalSection
	GlobalSection(ExtensibilityGlobals) = postSolution
		SolutionGuid = {8EAA0607-F45C-49D9-8307-3886D57CF373}
	EndGlobalSection
EndGlobal
